// !$*UTF8*$!
{
	archiveVersion = 1;
	classes = {
	};
	objectVersion = 46;
	objects = {

/* Begin PBXBuildFile section */
		FBEEB97D1EF625B600E93961 /* AppDelegate.swift in Sources */ = {isa = PBXBuildFile; fileRef = FBEEB97C1EF625B600E93961 /* AppDelegate.swift */; };
		FBEEB97F1EF625B600E93961 /* ViewController.swift in Sources */ = {isa = PBXBuildFile; fileRef = FBEEB97E1EF625B600E93961 /* ViewController.swift */; };
		FBEEB9821EF625B600E93961 /* Main.storyboard in Resources */ = {isa = PBXBuildFile; fileRef = FBEEB9801EF625B600E93961 /* Main.storyboard */; };
		FBEEB9841EF625B600E93961 /* Assets.xcassets in Resources */ = {isa = PBXBuildFile; fileRef = FBEEB9831EF625B600E93961 /* Assets.xcassets */; };
		FBEEB9871EF625B600E93961 /* LaunchScreen.storyboard in Resources */ = {isa = PBXBuildFile; fileRef = FBEEB9851EF625B600E93961 /* LaunchScreen.storyboard */; };
		FBEEB9921EF625B600E93961 /* tomatoiosTests.swift in Sources */ = {isa = PBXBuildFile; fileRef = FBEEB9911EF625B600E93961 /* tomatoiosTests.swift */; };
		FBEEB99D1EF625B600E93961 /* tomatoiosUITests.swift in Sources */ = {isa = PBXBuildFile; fileRef = FBEEB99C1EF625B600E93961 /* tomatoiosUITests.swift */; };
/* End PBXBuildFile section */

/* Begin PBXContainerItemProxy section */
		FBEEB98E1EF625B600E93961 /* PBXContainerItemProxy */ = {
			isa = PBXContainerItemProxy;
			containerPortal = FBEEB9711EF625B600E93961 /* Project object */;
			proxyType = 1;
			remoteGlobalIDString = FBEEB9781EF625B600E93961;
			remoteInfo = tomatoios;
		};
		FBEEB9991EF625B600E93961 /* PBXContainerItemProxy */ = {
			isa = PBXContainerItemProxy;
			containerPortal = FBEEB9711EF625B600E93961 /* Project object */;
			proxyType = 1;
			remoteGlobalIDString = FBEEB9781EF625B600E93961;
			remoteInfo = tomatoios;
		};
/* End PBXContainerItemProxy section */

/* Begin PBXFileReference section */
		FBEEB9791EF625B600E93961 /* tomatoios.app */ = {isa = PBXFileReference; explicitFileType = wrapper.application; includeInIndex = 0; path = tomatoios.app; sourceTree = BUILT_PRODUCTS_DIR; };
		FBEEB97C1EF625B600E93961 /* AppDelegate.swift */ = {isa = PBXFileReference; lastKnownFileType = sourcecode.swift; path = AppDelegate.swift; sourceTree = "<group>"; };
		FBEEB97E1EF625B600E93961 /* ViewController.swift */ = {isa = PBXFileReference; lastKnownFileType = sourcecode.swift; path = ViewController.swift; sourceTree = "<group>"; };
		FBEEB9811EF625B600E93961 /* Base */ = {isa = PBXFileReference; lastKnownFileType = file.storyboard; name = Base; path = Base.lproj/Main.storyboard; sourceTree = "<group>"; };
		FBEEB9831EF625B600E93961 /* Assets.xcassets */ = {isa = PBXFileReference; lastKnownFileType = folder.assetcatalog; path = Assets.xcassets; sourceTree = "<group>"; };
		FBEEB9861EF625B600E93961 /* Base */ = {isa = PBXFileReference; lastKnownFileType = file.storyboard; name = Base; path = Base.lproj/LaunchScreen.storyboard; sourceTree = "<group>"; };
		FBEEB9881EF625B600E93961 /* Info.plist */ = {isa = PBXFileReference; lastKnownFileType = text.plist.xml; path = Info.plist; sourceTree = "<group>"; };
		FBEEB98D1EF625B600E93961 /* tomatoiosTests.xctest */ = {isa = PBXFileReference; explicitFileType = wrapper.cfbundle; includeInIndex = 0; path = tomatoiosTests.xctest; sourceTree = BUILT_PRODUCTS_DIR; };
		FBEEB9911EF625B600E93961 /* tomatoiosTests.swift */ = {isa = PBXFileReference; lastKnownFileType = sourcecode.swift; path = tomatoiosTests.swift; sourceTree = "<group>"; };
		FBEEB9931EF625B600E93961 /* Info.plist */ = {isa = PBXFileReference; lastKnownFileType = text.plist.xml; path = Info.plist; sourceTree = "<group>"; };
		FBEEB9981EF625B600E93961 /* tomatoiosUITests.xctest */ = {isa = PBXFileReference; explicitFileType = wrapper.cfbundle; includeInIndex = 0; path = tomatoiosUITests.xctest; sourceTree = BUILT_PRODUCTS_DIR; };
		FBEEB99C1EF625B600E93961 /* tomatoiosUITests.swift */ = {isa = PBXFileReference; lastKnownFileType = sourcecode.swift; path = tomatoiosUITests.swift; sourceTree = "<group>"; };
		FBEEB99E1EF625B600E93961 /* Info.plist */ = {isa = PBXFileReference; lastKnownFileType = text.plist.xml; path = Info.plist; sourceTree = "<group>"; };
/* End PBXFileReference section */

/* Begin PBXFrameworksBuildPhase section */
		FBEEB9761EF625B600E93961 /* Frameworks */ = {
			isa = PBXFrameworksBuildPhase;
			buildActionMask = 2147483647;
			files = (
			);
			runOnlyForDeploymentPostprocessing = 0;
		};
		FBEEB98A1EF625B600E93961 /* Frameworks */ = {
			isa = PBXFrameworksBuildPhase;
			buildActionMask = 2147483647;
			files = (
			);
			runOnlyForDeploymentPostprocessing = 0;
		};
		FBEEB9951EF625B600E93961 /* Frameworks */ = {
			isa = PBXFrameworksBuildPhase;
			buildActionMask = 2147483647;
			files = (
			);
			runOnlyForDeploymentPostprocessing = 0;
		};
/* End PBXFrameworksBuildPhase section */

/* Begin PBXGroup section */
		FBEEB9701EF625B600E93961 = {
			isa = PBXGroup;
			children = (
				FBEEB97B1EF625B600E93961 /* tomatoios */,
				FBEEB9901EF625B600E93961 /* tomatoiosTests */,
				FBEEB99B1EF625B600E93961 /* tomatoiosUITests */,
				FBEEB97A1EF625B600E93961 /* Products */,
			);
			sourceTree = "<group>";
		};
		FBEEB97A1EF625B600E93961 /* Products */ = {
			isa = PBXGroup;
			children = (
				FBEEB9791EF625B600E93961 /* tomatoios.app */,
				FBEEB98D1EF625B600E93961 /* tomatoiosTests.xctest */,
				FBEEB9981EF625B600E93961 /* tomatoiosUITests.xctest */,
			);
			name = Products;
			sourceTree = "<group>";
		};
		FBEEB97B1EF625B600E93961 /* tomatoios */ = {
			isa = PBXGroup;
			children = (
				FBEEB97C1EF625B600E93961 /* AppDelegate.swift */,
				FBEEB97E1EF625B600E93961 /* ViewController.swift */,
				FBEEB9801EF625B600E93961 /* Main.storyboard */,
				FBEEB9831EF625B600E93961 /* Assets.xcassets */,
				FBEEB9851EF625B600E93961 /* LaunchScreen.storyboard */,
				FBEEB9881EF625B600E93961 /* Info.plist */,
			);
			path = tomatoios;
			sourceTree = "<group>";
		};
		FBEEB9901EF625B600E93961 /* tomatoiosTests */ = {
			isa = PBXGroup;
			children = (
				FBEEB9911EF625B600E93961 /* tomatoiosTests.swift */,
				FBEEB9931EF625B600E93961 /* Info.plist */,
			);
			path = tomatoiosTests;
			sourceTree = "<group>";
		};
		FBEEB99B1EF625B600E93961 /* tomatoiosUITests */ = {
			isa = PBXGroup;
			children = (
				FBEEB99C1EF625B600E93961 /* tomatoiosUITests.swift */,
				FBEEB99E1EF625B600E93961 /* Info.plist */,
			);
			path = tomatoiosUITests;
			sourceTree = "<group>";
		};
/* End PBXGroup section */

/* Begin PBXNativeTarget section */
		FBEEB9781EF625B600E93961 /* tomatoios */ = {
			isa = PBXNativeTarget;
			buildConfigurationList = FBEEB9A11EF625B600E93961 /* Build configuration list for PBXNativeTarget "tomatoios" */;
			buildPhases = (
				FBEEB9751EF625B600E93961 /* Sources */,
				FBEEB9761EF625B600E93961 /* Frameworks */,
				FBEEB9771EF625B600E93961 /* Resources */,
			);
			buildRules = (
			);
			dependencies = (
			);
			name = tomatoios;
			productName = tomatoios;
			productReference = FBEEB9791EF625B600E93961 /* tomatoios.app */;
			productType = "com.apple.product-type.application";
		};
		FBEEB98C1EF625B600E93961 /* tomatoiosTests */ = {
			isa = PBXNativeTarget;
			buildConfigurationList = FBEEB9A41EF625B600E93961 /* Build configuration list for PBXNativeTarget "tomatoiosTests" */;
			buildPhases = (
				FBEEB9891EF625B600E93961 /* Sources */,
				FBEEB98A1EF625B600E93961 /* Frameworks */,
				FBEEB98B1EF625B600E93961 /* Resources */,
			);
			buildRules = (
			);
			dependencies = (
				FBEEB98F1EF625B600E93961 /* PBXTargetDependency */,
			);
			name = tomatoiosTests;
			productName = tomatoiosTests;
			productReference = FBEEB98D1EF625B600E93961 /* tomatoiosTests.xctest */;
			productType = "com.apple.product-type.bundle.unit-test";
		};
		FBEEB9971EF625B600E93961 /* tomatoiosUITests */ = {
			isa = PBXNativeTarget;
			buildConfigurationList = FBEEB9A71EF625B600E93961 /* Build configuration list for PBXNativeTarget "tomatoiosUITests" */;
			buildPhases = (
				FBEEB9941EF625B600E93961 /* Sources */,
				FBEEB9951EF625B600E93961 /* Frameworks */,
				FBEEB9961EF625B600E93961 /* Resources */,
			);
			buildRules = (
			);
			dependencies = (
				FBEEB99A1EF625B600E93961 /* PBXTargetDependency */,
			);
			name = tomatoiosUITests;
			productName = tomatoiosUITests;
			productReference = FBEEB9981EF625B600E93961 /* tomatoiosUITests.xctest */;
			productType = "com.apple.product-type.bundle.ui-testing";
		};
/* End PBXNativeTarget section */

/* Begin PBXProject section */
		FBEEB9711EF625B600E93961 /* Project object */ = {
			isa = PBXProject;
			attributes = {
				LastSwiftUpdateCheck = 0830;
				LastUpgradeCheck = 0830;
				ORGANIZATIONNAME = "彭奕";
				TargetAttributes = {
					FBEEB9781EF625B600E93961 = {
						CreatedOnToolsVersion = 8.3.2;
						DevelopmentTeam = 25DXY4M7C2;
						ProvisioningStyle = Automatic;
					};
					FBEEB98C1EF625B600E93961 = {
						CreatedOnToolsVersion = 8.3.2;
						DevelopmentTeam = 25DXY4M7C2;
						ProvisioningStyle = Automatic;
						TestTargetID = FBEEB9781EF625B600E93961;
					};
					FBEEB9971EF625B600E93961 = {
						CreatedOnToolsVersion = 8.3.2;
						DevelopmentTeam = 25DXY4M7C2;
						ProvisioningStyle = Automatic;
						TestTargetID = FBEEB9781EF625B600E93961;
					};
				};
			};
			buildConfigurationList = FBEEB9741EF625B600E93961 /* Build configuration list for PBXProject "tomatoios" */;
			compatibilityVersion = "Xcode 3.2";
			developmentRegion = English;
			hasScannedForEncodings = 0;
			knownRegions = (
				en,
				Base,
			);
			mainGroup = FBEEB9701EF625B600E93961;
			productRefGroup = FBEEB97A1EF625B600E93961 /* Products */;
			projectDirPath = "";
			projectRoot = "";
			targets = (
				FBEEB9781EF625B600E93961 /* tomatoios */,
				FBEEB98C1EF625B600E93961 /* tomatoiosTests */,
				FBEEB9971EF625B600E93961 /* tomatoiosUITests */,
			);
		};
/* End PBXProject section */

/* Begin PBXResourcesBuildPhase section */
		FBEEB9771EF625B600E93961 /* Resources */ = {
			isa = PBXResourcesBuildPhase;
			buildActionMask = 2147483647;
			files = (
				FBEEB9871EF625B600E93961 /* LaunchScreen.storyboard in Resources */,
				FBEEB9841EF625B600E93961 /* Assets.xcassets in Resources */,
				FBEEB9821EF625B600E93961 /* Main.storyboard in Resources */,
			);
			runOnlyForDeploymentPostprocessing = 0;
		};
		FBEEB98B1EF625B600E93961 /* Resources */ = {
			isa = PBXResourcesBuildPhase;
			buildActionMask = 2147483647;
			files = (
			);
			runOnlyForDeploymentPostprocessing = 0;
		};
		FBEEB9961EF625B600E93961 /* Resources */ = {
			isa = PBXResourcesBuildPhase;
			buildActionMask = 2147483647;
			files = (
			);
			runOnlyForDeploymentPostprocessing = 0;
		};
/* End PBXResourcesBuildPhase section */

/* Begin PBXSourcesBuildPhase section */
		FBEEB9751EF625B600E93961 /* Sources */ = {
			isa = PBXSourcesBuildPhase;
			buildActionMask = 2147483647;
			files = (
				FBEEB97F1EF625B600E93961 /* ViewController.swift in Sources */,
				FBEEB97D1EF625B600E93961 /* AppDelegate.swift in Sources */,
			);
			runOnlyForDeploymentPostprocessing = 0;
		};
		FBEEB9891EF625B600E93961 /* Sources */ = {
			isa = PBXSourcesBuildPhase;
			buildActionMask = 2147483647;
			files = (
				FBEEB9921EF625B600E93961 /* tomatoiosTests.swift in Sources */,
			);
			runOnlyForDeploymentPostprocessing = 0;
		};
		FBEEB9941EF625B600E93961 /* Sources */ = {
			isa = PBXSourcesBuildPhase;
			buildActionMask = 2147483647;
			files = (
				FBEEB99D1EF625B600E93961 /* tomatoiosUITests.swift in Sources */,
			);
			runOnlyForDeploymentPostprocessing = 0;
		};
/* End PBXSourcesBuildPhase section */

/* Begin PBXTargetDependency section */
		FBEEB98F1EF625B600E93961 /* PBXTargetDependency */ = {
			isa = PBXTargetDependency;
			target = FBEEB9781EF625B600E93961 /* tomatoios */;
			targetProxy = FBEEB98E1EF625B600E93961 /* PBXContainerItemProxy */;
		};
		FBEEB99A1EF625B600E93961 /* PBXTargetDependency */ = {
			isa = PBXTargetDependency;
			target = FBEEB9781EF625B600E93961 /* tomatoios */;
			targetProxy = FBEEB9991EF625B600E93961 /* PBXContainerItemProxy */;
		};
/* End PBXTargetDependency section */

/* Begin PBXVariantGroup section */
		FBEEB9801EF625B600E93961 /* Main.storyboard */ = {
			isa = PBXVariantGroup;
			children = (
				FBEEB9811EF625B600E93961 /* Base */,
			);
			name = Main.storyboard;
			sourceTree = "<group>";
		};
		FBEEB9851EF625B600E93961 /* LaunchScreen.storyboard */ = {
			isa = PBXVariantGroup;
			children = (
				FBEEB9861EF625B600E93961 /* Base */,
			);
			name = LaunchScreen.storyboard;
			sourceTree = "<group>";
		};
/* End PBXVariantGroup section */

/* Begin XCBuildConfiguration section */
		FBEEB99F1EF625B600E93961 /* Debug */ = {
			isa = XCBuildConfiguration;
			buildSettings = {
				ALWAYS_SEARCH_USER_PATHS = NO;
				CLANG_ANALYZER_NONNULL = YES;
				CLANG_ANALYZER_NUMBER_OBJECT_CONVERSION = YES_AGGRESSIVE;
				CLANG_CXX_LANGUAGE_STANDARD = "gnu++0x";
				CLANG_CXX_LIBRARY = "libc++";
				CLANG_ENABLE_MODULES = YES;
				CLANG_ENABLE_OBJC_ARC = YES;
				CLANG_WARN_BOOL_CONVERSION = YES;
				CLANG_WARN_CONSTANT_CONVERSION = YES;
				CLANG_WARN_DIRECT_OBJC_ISA_USAGE = YES_ERROR;
				CLANG_WARN_DOCUMENTATION_COMMENTS = YES;
				CLANG_WARN_EMPTY_BODY = YES;
				CLANG_WARN_ENUM_CONVERSION = YES;
				CLANG_WARN_INFINITE_RECURSION = YES;
				CLANG_WARN_INT_CONVERSION = YES;
				CLANG_WARN_OBJC_ROOT_CLASS = YES_ERROR;
				CLANG_WARN_SUSPICIOUS_MOVE = YES;
				CLANG_WARN_UNREACHABLE_CODE = YES;
				CLANG_WARN__DUPLICATE_METHOD_MATCH = YES;
				"CODE_SIGN_IDENTITY[sdk=iphoneos*]" = "iPhone Developer";
				COPY_PHASE_STRIP = NO;
				DEBUG_INFORMATION_FORMAT = dwarf;
				ENABLE_STRICT_OBJC_MSGSEND = YES;
				ENABLE_TESTABILITY = YES;
				GCC_C_LANGUAGE_STANDARD = gnu99;
				GCC_DYNAMIC_NO_PIC = NO;
				GCC_NO_COMMON_BLOCKS = YES;
				GCC_OPTIMIZATION_LEVEL = 0;
				GCC_PREPROCESSOR_DEFINITIONS = (
					"DEBUG=1",
					"$(inherited)",
				);
				GCC_WARN_64_TO_32_BIT_CONVERSION = YES;
				GCC_WARN_ABOUT_RETURN_TYPE = YES_ERROR;
				GCC_WARN_UNDECLARED_SELECTOR = YES;
				GCC_WARN_UNINITIALIZED_AUTOS = YES_AGGRESSIVE;
				GCC_WARN_UNUSED_FUNCTION = YES;
				GCC_WARN_UNUSED_VARIABLE = YES;
				IPHONEOS_DEPLOYMENT_TARGET = 10.3;
				MTL_ENABLE_DEBUG_INFO = YES;
				ONLY_ACTIVE_ARCH = YES;
				SDKROOT = iphoneos;
				SWIFT_ACTIVE_COMPILATION_CONDITIONS = DEBUG;
				SWIFT_OPTIMIZATION_LEVEL = "-Onone";
				TARGETED_DEVICE_FAMILY = "1,2";
			};
			name = Debug;
		};
		FBEEB9A01EF625B600E93961 /* Release */ = {
			isa = XCBuildConfiguration;
			buildSettings = {
				ALWAYS_SEARCH_USER_PATHS = NO;
				CLANG_ANALYZER_NONNULL = YES;
				CLANG_ANALYZER_NUMBER_OBJECT_CONVERSION = YES_AGGRESSIVE;
				CLANG_CXX_LANGUAGE_STANDARD = "gnu++0x";
				CLANG_CXX_LIBRARY = "libc++";
				CLANG_ENABLE_MODULES = YES;
				CLANG_ENABLE_OBJC_ARC = YES;
				CLANG_WARN_BOOL_CONVERSION = YES;
				CLANG_WARN_CONSTANT_CONVERSION = YES;
				CLANG_WARN_DIRECT_OBJC_ISA_USAGE = YES_ERROR;
				CLANG_WARN_DOCUMENTATION_COMMENTS = YES;
				CLANG_WARN_EMPTY_BODY = YES;
				CLANG_WARN_ENUM_CONVERSION = YES;
				CLANG_WARN_INFINITE_RECURSION = YES;
				CLANG_WARN_INT_CONVERSION = YES;
				CLANG_WARN_OBJC_ROOT_CLASS = YES_ERROR;
				CLANG_WARN_SUSPICIOUS_MOVE = YES;
				CLANG_WARN_UNREACHABLE_CODE = YES;
				CLANG_WARN__DUPLICATE_METHOD_MATCH = YES;
				"CODE_SIGN_IDENTITY[sdk=iphoneos*]" = "iPhone Developer";
				COPY_PHASE_STRIP = NO;
				DEBUG_INFORMATION_FORMAT = "dwarf-with-dsym";
				ENABLE_NS_ASSERTIONS = NO;
				ENABLE_STRICT_OBJC_MSGSEND = YES;
				GCC_C_LANGUAGE_STANDARD = gnu99;
				GCC_NO_COMMON_BLOCKS = YES;
				GCC_WARN_64_TO_32_BIT_CONVERSION = YES;
				GCC_WARN_ABOUT_RETURN_TYPE = YES_ERROR;
				GCC_WARN_UNDECLARED_SELECTOR = YES;
				GCC_WARN_UNINITIALIZED_AUTOS = YES_AGGRESSIVE;
				GCC_WARN_UNUSED_FUNCTION = YES;
				GCC_WARN_UNUSED_VARIABLE = YES;
				IPHONEOS_DEPLOYMENT_TARGET = 10.3;
				MTL_ENABLE_DEBUG_INFO = NO;
				SDKROOT = iphoneos;
				SWIFT_OPTIMIZATION_LEVEL = "-Owholemodule";
				TARGETED_DEVICE_FAMILY = "1,2";
				VALIDATE_PRODUCT = YES;
			};
			name = Release;
		};
		FBEEB9A21EF625B600E93961 /* Debug */ = {
			isa = XCBuildConfiguration;
			buildSettings = {
				ASSETCATALOG_COMPILER_APPICON_NAME = AppIcon;
				DEVELOPMENT_TEAM = 25DXY4M7C2;
				INFOPLIST_FILE = tomatoios/Info.plist;
				LD_RUNPATH_SEARCH_PATHS = "$(inherited) @executable_path/Frameworks";
				PRODUCT_BUNDLE_IDENTIFIER = com.tomatobang.tomatoios;
				PRODUCT_NAME = "$(TARGET_NAME)";
				SWIFT_VERSION = 3.0;
			};
			name = Debug;
		};
		FBEEB9A31EF625B600E93961 /* Release */ = {
			isa = XCBuildConfiguration;
			buildSettings = {
				ASSETCATALOG_COMPILER_APPICON_NAME = AppIcon;
				DEVELOPMENT_TEAM = 25DXY4M7C2;
				INFOPLIST_FILE = tomatoios/Info.plist;
				LD_RUNPATH_SEARCH_PATHS = "$(inherited) @executable_path/Frameworks";
				PRODUCT_BUNDLE_IDENTIFIER = com.tomatobang.tomatoios;
				PRODUCT_NAME = "$(TARGET_NAME)";
				SWIFT_VERSION = 3.0;
			};
			name = Release;
		};
		FBEEB9A51EF625B600E93961 /* Debug */ = {
			isa = XCBuildConfiguration;
			buildSettings = {
				ALWAYS_EMBED_SWIFT_STANDARD_LIBRARIES = YES;
				BUNDLE_LOADER = "$(TEST_HOST)";
				DEVELOPMENT_TEAM = 25DXY4M7C2;
				INFOPLIST_FILE = tomatoiosTests/Info.plist;
				LD_RUNPATH_SEARCH_PATHS = "$(inherited) @executable_path/Frameworks @loader_path/Frameworks";
				PRODUCT_BUNDLE_IDENTIFIER = com.tomatobang.tomatoiosTests;
				PRODUCT_NAME = "$(TARGET_NAME)";
				SWIFT_VERSION = 3.0;
				TEST_HOST = "$(BUILT_PRODUCTS_DIR)/tomatoios.app/tomatoios";
			};
			name = Debug;
		};
		FBEEB9A61EF625B600E93961 /* Release */ = {
			isa = XCBuildConfiguration;
			buildSettings = {
				ALWAYS_EMBED_SWIFT_STANDARD_LIBRARIES = YES;
				BUNDLE_LOADER = "$(TEST_HOST)";
				DEVELOPMENT_TEAM = 25DXY4M7C2;
				INFOPLIST_FILE = tomatoiosTests/Info.plist;
				LD_RUNPATH_SEARCH_PATHS = "$(inherited) @executable_path/Frameworks @loader_path/Frameworks";
				PRODUCT_BUNDLE_IDENTIFIER = com.tomatobang.tomatoiosTests;
				PRODUCT_NAME = "$(TARGET_NAME)";
				SWIFT_VERSION = 3.0;
				TEST_HOST = "$(BUILT_PRODUCTS_DIR)/tomatoios.app/tomatoios";
			};
			name = Release;
		};
		FBEEB9A81EF625B600E93961 /* Debug */ = {
			isa = XCBuildConfiguration;
			buildSettings = {
				ALWAYS_EMBED_SWIFT_STANDARD_LIBRARIES = YES;
				DEVELOPMENT_TEAM = 25DXY4M7C2;
				INFOPLIST_FILE = tomatoiosUITests/Info.plist;
				LD_RUNPATH_SEARCH_PATHS = "$(inherited) @executable_path/Frameworks @loader_path/Frameworks";
				PRODUCT_BUNDLE_IDENTIFIER = com.tomatobang.tomatoiosUITests;
				PRODUCT_NAME = "$(TARGET_NAME)";
				SWIFT_VERSION = 3.0;
				TEST_TARGET_NAME = tomatoios;
			};
			name = Debug;
		};
		FBEEB9A91EF625B600E93961 /* Release */ = {
			isa = XCBuildConfiguration;
			buildSettings = {
				ALWAYS_EMBED_SWIFT_STANDARD_LIBRARIES = YES;
				DEVELOPMENT_TEAM = 25DXY4M7C2;
				INFOPLIST_FILE = tomatoiosUITests/Info.plist;
				LD_RUNPATH_SEARCH_PATHS = "$(inherited) @executable_path/Frameworks @loader_path/Frameworks";
				PRODUCT_BUNDLE_IDENTIFIER = com.tomatobang.tomatoiosUITests;
				PRODUCT_NAME = "$(TARGET_NAME)";
				SWIFT_VERSION = 3.0;
				TEST_TARGET_NAME = tomatoios;
			};
			name = Release;
		};
/* End XCBuildConfiguration section */

/* Begin XCConfigurationList section */
		FBEEB9741EF625B600E93961 /* Build configuration list for PBXProject "tomatoios" */ = {
			isa = XCConfigurationList;
			buildConfigurations = (
				FBEEB99F1EF625B600E93961 /* Debug */,
				FBEEB9A01EF625B600E93961 /* Release */,
			);
			defaultConfigurationIsVisible = 0;
			defaultConfigurationName = Release;
		};
		FBEEB9A11EF625B600E93961 /* Build configuration list for PBXNativeTarget "tomatoios" */ = {
			isa = XCConfigurationList;
			buildConfigurations = (
				FBEEB9A21EF625B600E93961 /* Debug */,
				FBEEB9A31EF625B600E93961 /* Release */,
			);
			defaultConfigurationIsVisible = 0;
		};
		FBEEB9A41EF625B600E93961 /* Build configuration list for PBXNativeTarget "tomatoiosTests" */ = {
			isa = XCConfigurationList;
			buildConfigurations = (
				FBEEB9A51EF625B600E93961 /* Debug */,
				FBEEB9A61EF625B600E93961 /* Release */,
			);
			defaultConfigurationIsVisible = 0;
		};
		FBEEB9A71EF625B600E93961 /* Build configuration list for PBXNativeTarget "tomatoiosUITests" */ = {
			isa = XCConfigurationList;
			buildConfigurations = (
				FBEEB9A81EF625B600E93961 /* Debug */,
				FBEEB9A91EF625B600E93961 /* Release */,
			);
			defaultConfigurationIsVisible = 0;
		};
/* End XCConfigurationList section */
	};
	rootObject = FBEEB9711EF625B600E93961 /* Project object */;
}
